// !$*UTF8*$!
{
	archiveVersion = 1;
	classes = {
	};
	objectVersion = 50;
	objects = {

/* Begin PBXBuildFile section */
		BEA0CE542254047600A20D74 /* AppDelegate.swift in Sources */ = {isa = PBXBuildFile; fileRef = BEA0CE532254047600A20D74 /* AppDelegate.swift */; };
		BEA0CE562254047600A20D74 /* ViewController.swift in Sources */ = {isa = PBXBuildFile; fileRef = BEA0CE552254047600A20D74 /* ViewController.swift */; };
		BEA0CE592254047600A20D74 /* Main.storyboard in Resources */ = {isa = PBXBuildFile; fileRef = BEA0CE572254047600A20D74 /* Main.storyboard */; };
		BEA0CE5B2254047800A20D74 /* Assets.xcassets in Resources */ = {isa = PBXBuildFile; fileRef = BEA0CE5A2254047800A20D74 /* Assets.xcassets */; };
		BEA0CE5E2254047800A20D74 /* LaunchScreen.storyboard in Resources */ = {isa = PBXBuildFile; fileRef = BEA0CE5C2254047800A20D74 /* LaunchScreen.storyboard */; };
		BEA0CE692254047800A20D74 /* KanyeQuotesTests.swift in Sources */ = {isa = PBXBuildFile; fileRef = BEA0CE682254047800A20D74 /* KanyeQuotesTests.swift */; };
		BEA0CE742254047800A20D74 /* KanyeQuotesUITests.swift in Sources */ = {isa = PBXBuildFile; fileRef = BEA0CE732254047800A20D74 /* KanyeQuotesUITests.swift */; };
/* End PBXBuildFile section */

/* Begin PBXContainerItemProxy section */
		BEA0CE652254047800A20D74 /* PBXContainerItemProxy */ = {
			isa = PBXContainerItemProxy;
			containerPortal = BEA0CE482254047600A20D74 /* Project object */;
			proxyType = 1;
			remoteGlobalIDString = BEA0CE4F2254047600A20D74;
			remoteInfo = KanyeQuotes;
		};
		BEA0CE702254047800A20D74 /* PBXContainerItemProxy */ = {
			isa = PBXContainerItemProxy;
			containerPortal = BEA0CE482254047600A20D74 /* Project object */;
			proxyType = 1;
			remoteGlobalIDString = BEA0CE4F2254047600A20D74;
			remoteInfo = KanyeQuotes;
		};
/* End PBXContainerItemProxy section */

/* Begin PBXFileReference section */
		BEA0CE502254047600A20D74 /* KanyeQuotes.app */ = {isa = PBXFileReference; explicitFileType = wrapper.application; includeInIndex = 0; path = KanyeQuotes.app; sourceTree = BUILT_PRODUCTS_DIR; };
		BEA0CE532254047600A20D74 /* AppDelegate.swift */ = {isa = PBXFileReference; lastKnownFileType = sourcecode.swift; path = AppDelegate.swift; sourceTree = "<group>"; };
		BEA0CE552254047600A20D74 /* ViewController.swift */ = {isa = PBXFileReference; lastKnownFileType = sourcecode.swift; path = ViewController.swift; sourceTree = "<group>"; };
		BEA0CE582254047600A20D74 /* Base */ = {isa = PBXFileReference; lastKnownFileType = file.storyboard; name = Base; path = Base.lproj/Main.storyboard; sourceTree = "<group>"; };
		BEA0CE5A2254047800A20D74 /* Assets.xcassets */ = {isa = PBXFileReference; lastKnownFileType = folder.assetcatalog; path = Assets.xcassets; sourceTree = "<group>"; };
		BEA0CE5D2254047800A20D74 /* Base */ = {isa = PBXFileReference; lastKnownFileType = file.storyboard; name = Base; path = Base.lproj/LaunchScreen.storyboard; sourceTree = "<group>"; };
		BEA0CE5F2254047800A20D74 /* Info.plist */ = {isa = PBXFileReference; lastKnownFileType = text.plist.xml; path = Info.plist; sourceTree = "<group>"; };
		BEA0CE642254047800A20D74 /* KanyeQuotesTests.xctest */ = {isa = PBXFileReference; explicitFileType = wrapper.cfbundle; includeInIndex = 0; path = KanyeQuotesTests.xctest; sourceTree = BUILT_PRODUCTS_DIR; };
		BEA0CE682254047800A20D74 /* KanyeQuotesTests.swift */ = {isa = PBXFileReference; lastKnownFileType = sourcecode.swift; path = KanyeQuotesTests.swift; sourceTree = "<group>"; };
		BEA0CE6A2254047800A20D74 /* Info.plist */ = {isa = PBXFileReference; lastKnownFileType = text.plist.xml; path = Info.plist; sourceTree = "<group>"; };
		BEA0CE6F2254047800A20D74 /* KanyeQuotesUITests.xctest */ = {isa = PBXFileReference; explicitFileType = wrapper.cfbundle; includeInIndex = 0; path = KanyeQuotesUITests.xctest; sourceTree = BUILT_PRODUCTS_DIR; };
		BEA0CE732254047800A20D74 /* KanyeQuotesUITests.swift */ = {isa = PBXFileReference; lastKnownFileType = sourcecode.swift; path = KanyeQuotesUITests.swift; sourceTree = "<group>"; };
		BEA0CE752254047800A20D74 /* Info.plist */ = {isa = PBXFileReference; lastKnownFileType = text.plist.xml; path = Info.plist; sourceTree = "<group>"; };
/* End PBXFileReference section */

/* Begin PBXFrameworksBuildPhase section */
		BEA0CE4D2254047600A20D74 /* Frameworks */ = {
			isa = PBXFrameworksBuildPhase;
			buildActionMask = 2147483647;
			files = (
			);
			runOnlyForDeploymentPostprocessing = 0;
		};
		BEA0CE612254047800A20D74 /* Frameworks */ = {
			isa = PBXFrameworksBuildPhase;
			buildActionMask = 2147483647;
			files = (
			);
			runOnlyForDeploymentPostprocessing = 0;
		};
		BEA0CE6C2254047800A20D74 /* Frameworks */ = {
			isa = PBXFrameworksBuildPhase;
			buildActionMask = 2147483647;
			files = (
			);
			runOnlyForDeploymentPostprocessing = 0;
		};
/* End PBXFrameworksBuildPhase section */

/* Begin PBXGroup section */
		BEA0CE472254047600A20D74 = {
			isa = PBXGroup;
			children = (
				BEA0CE522254047600A20D74 /* KanyeQuotes */,
				BEA0CE672254047800A20D74 /* KanyeQuotesTests */,
				BEA0CE722254047800A20D74 /* KanyeQuotesUITests */,
				BEA0CE512254047600A20D74 /* Products */,
			);
			sourceTree = "<group>";
		};
		BEA0CE512254047600A20D74 /* Products */ = {
			isa = PBXGroup;
			children = (
				BEA0CE502254047600A20D74 /* KanyeQuotes.app */,
				BEA0CE642254047800A20D74 /* KanyeQuotesTests.xctest */,
				BEA0CE6F2254047800A20D74 /* KanyeQuotesUITests.xctest */,
			);
			name = Products;
			sourceTree = "<group>";
		};
		BEA0CE522254047600A20D74 /* KanyeQuotes */ = {
			isa = PBXGroup;
			children = (
				BEA0CE532254047600A20D74 /* AppDelegate.swift */,
				BEA0CE552254047600A20D74 /* ViewController.swift */,
				BEA0CE572254047600A20D74 /* Main.storyboard */,
				BEA0CE5A2254047800A20D74 /* Assets.xcassets */,
				BEA0CE5C2254047800A20D74 /* LaunchScreen.storyboard */,
				BEA0CE5F2254047800A20D74 /* Info.plist */,
			);
			path = KanyeQuotes;
			sourceTree = "<group>";
		};
		BEA0CE672254047800A20D74 /* KanyeQuotesTests */ = {
			isa = PBXGroup;
			children = (
				BEA0CE682254047800A20D74 /* KanyeQuotesTests.swift */,
				BEA0CE6A2254047800A20D74 /* Info.plist */,
			);
			path = KanyeQuotesTests;
			sourceTree = "<group>";
		};
		BEA0CE722254047800A20D74 /* KanyeQuotesUITests */ = {
			isa = PBXGroup;
			children = (
				BEA0CE732254047800A20D74 /* KanyeQuotesUITests.swift */,
				BEA0CE752254047800A20D74 /* Info.plist */,
			);
			path = KanyeQuotesUITests;
			sourceTree = "<group>";
		};
/* End PBXGroup section */

/* Begin PBXNativeTarget section */
		BEA0CE4F2254047600A20D74 /* KanyeQuotes */ = {
			isa = PBXNativeTarget;
			buildConfigurationList = BEA0CE782254047800A20D74 /* Build configuration list for PBXNativeTarget "KanyeQuotes" */;
			buildPhases = (
				BEA0CE4C2254047600A20D74 /* Sources */,
				BEA0CE4D2254047600A20D74 /* Frameworks */,
				BEA0CE4E2254047600A20D74 /* Resources */,
			);
			buildRules = (
			);
			dependencies = (
			);
			name = KanyeQuotes;
			productName = KanyeQuotes;
			productReference = BEA0CE502254047600A20D74 /* KanyeQuotes.app */;
			productType = "com.apple.product-type.application";
		};
		BEA0CE632254047800A20D74 /* KanyeQuotesTests */ = {
			isa = PBXNativeTarget;
			buildConfigurationList = BEA0CE7B2254047800A20D74 /* Build configuration list for PBXNativeTarget "KanyeQuotesTests" */;
			buildPhases = (
				BEA0CE602254047800A20D74 /* Sources */,
				BEA0CE612254047800A20D74 /* Frameworks */,
				BEA0CE622254047800A20D74 /* Resources */,
			);
			buildRules = (
			);
			dependencies = (
				BEA0CE662254047800A20D74 /* PBXTargetDependency */,
			);
			name = KanyeQuotesTests;
			productName = KanyeQuotesTests;
			productReference = BEA0CE642254047800A20D74 /* KanyeQuotesTests.xctest */;
			productType = "com.apple.product-type.bundle.unit-test";
		};
		BEA0CE6E2254047800A20D74 /* KanyeQuotesUITests */ = {
			isa = PBXNativeTarget;
			buildConfigurationList = BEA0CE7E2254047800A20D74 /* Build configuration list for PBXNativeTarget "KanyeQuotesUITests" */;
			buildPhases = (
				BEA0CE6B2254047800A20D74 /* Sources */,
				BEA0CE6C2254047800A20D74 /* Frameworks */,
				BEA0CE6D2254047800A20D74 /* Resources */,
			);
			buildRules = (
			);
			dependencies = (
				BEA0CE712254047800A20D74 /* PBXTargetDependency */,
			);
			name = KanyeQuotesUITests;
			productName = KanyeQuotesUITests;
			productReference = BEA0CE6F2254047800A20D74 /* KanyeQuotesUITests.xctest */;
			productType = "com.apple.product-type.bundle.ui-testing";
		};
/* End PBXNativeTarget section */

/* Begin PBXProject section */
		BEA0CE482254047600A20D74 /* Project object */ = {
			isa = PBXProject;
			attributes = {
				LastSwiftUpdateCheck = 1020;
				LastUpgradeCheck = 1020;
				ORGANIZATIONNAME = "Anna Conaway";
				TargetAttributes = {
					BEA0CE4F2254047600A20D74 = {
						CreatedOnToolsVersion = 10.2;
					};
					BEA0CE632254047800A20D74 = {
						CreatedOnToolsVersion = 10.2;
						TestTargetID = BEA0CE4F2254047600A20D74;
					};
					BEA0CE6E2254047800A20D74 = {
						CreatedOnToolsVersion = 10.2;
						TestTargetID = BEA0CE4F2254047600A20D74;
					};
				};
			};
			buildConfigurationList = BEA0CE4B2254047600A20D74 /* Build configuration list for PBXProject "KanyeQuotes" */;
			compatibilityVersion = "Xcode 9.3";
			developmentRegion = en;
			hasScannedForEncodings = 0;
			knownRegions = (
				en,
				Base,
			);
			mainGroup = BEA0CE472254047600A20D74;
			productRefGroup = BEA0CE512254047600A20D74 /* Products */;
			projectDirPath = "";
			projectRoot = "";
			targets = (
				BEA0CE4F2254047600A20D74 /* KanyeQuotes */,
				BEA0CE632254047800A20D74 /* KanyeQuotesTests */,
				BEA0CE6E2254047800A20D74 /* KanyeQuotesUITests */,
			);
		};
/* End PBXProject section */

/* Begin PBXResourcesBuildPhase section */
		BEA0CE4E2254047600A20D74 /* Resources */ = {
			isa = PBXResourcesBuildPhase;
			buildActionMask = 2147483647;
			files = (
				BEA0CE5E2254047800A20D74 /* LaunchScreen.storyboard in Resources */,
				BEA0CE5B2254047800A20D74 /* Assets.xcassets in Resources */,
				BEA0CE592254047600A20D74 /* Main.storyboard in Resources */,
			);
			runOnlyForDeploymentPostprocessing = 0;
		};
		BEA0CE622254047800A20D74 /* Resources */ = {
			isa = PBXResourcesBuildPhase;
			buildActionMask = 2147483647;
			files = (
			);
			runOnlyForDeploymentPostprocessing = 0;
		};
		BEA0CE6D2254047800A20D74 /* Resources */ = {
			isa = PBXResourcesBuildPhase;
			buildActionMask = 2147483647;
			files = (
			);
			runOnlyForDeploymentPostprocessing = 0;
		};
/* End PBXResourcesBuildPhase section */

/* Begin PBXSourcesBuildPhase section */
		BEA0CE4C2254047600A20D74 /* Sources */ = {
			isa = PBXSourcesBuildPhase;
			buildActionMask = 2147483647;
			files = (
				BEA0CE562254047600A20D74 /* ViewController.swift in Sources */,
				BEA0CE542254047600A20D74 /* AppDelegate.swift in Sources */,
			);
			runOnlyForDeploymentPostprocessing = 0;
		};
		BEA0CE602254047800A20D74 /* Sources */ = {
			isa = PBXSourcesBuildPhase;
			buildActionMask = 2147483647;
			files = (
				BEA0CE692254047800A20D74 /* KanyeQuotesTests.swift in Sources */,
			);
			runOnlyForDeploymentPostprocessing = 0;
		};
		BEA0CE6B2254047800A20D74 /* Sources */ = {
			isa = PBXSourcesBuildPhase;
			buildActionMask = 2147483647;
			files = (
				BEA0CE742254047800A20D74 /* KanyeQuotesUITests.swift in Sources */,
			);
			runOnlyForDeploymentPostprocessing = 0;
		};
/* End PBXSourcesBuildPhase section */

/* Begin PBXTargetDependency section */
		BEA0CE662254047800A20D74 /* PBXTargetDependency */ = {
			isa = PBXTargetDependency;
			target = BEA0CE4F2254047600A20D74 /* KanyeQuotes */;
			targetProxy = BEA0CE652254047800A20D74 /* PBXContainerItemProxy */;
		};
		BEA0CE712254047800A20D74 /* PBXTargetDependency */ = {
			isa = PBXTargetDependency;
			target = BEA0CE4F2254047600A20D74 /* KanyeQuotes */;
			targetProxy = BEA0CE702254047800A20D74 /* PBXContainerItemProxy */;
		};
/* End PBXTargetDependency section */

/* Begin PBXVariantGroup section */
		BEA0CE572254047600A20D74 /* Main.storyboard */ = {
			isa = PBXVariantGroup;
			children = (
				BEA0CE582254047600A20D74 /* Base */,
			);
			name = Main.storyboard;
			sourceTree = "<group>";
		};
		BEA0CE5C2254047800A20D74 /* LaunchScreen.storyboard */ = {
			isa = PBXVariantGroup;
			children = (
				BEA0CE5D2254047800A20D74 /* Base */,
			);
			name = LaunchScreen.storyboard;
			sourceTree = "<group>";
		};
/* End PBXVariantGroup section */

/* Begin XCBuildConfiguration section */
		BEA0CE762254047800A20D74 /* Debug */ = {
			isa = XCBuildConfiguration;
			buildSettings = {
				ALWAYS_SEARCH_USER_PATHS = NO;
				CLANG_ANALYZER_NONNULL = YES;
				CLANG_ANALYZER_NUMBER_OBJECT_CONVERSION = YES_AGGRESSIVE;
				CLANG_CXX_LANGUAGE_STANDARD = "gnu++14";
				CLANG_CXX_LIBRARY = "libc++";
				CLANG_ENABLE_MODULES = YES;
				CLANG_ENABLE_OBJC_ARC = YES;
				CLANG_ENABLE_OBJC_WEAK = YES;
				CLANG_WARN_BLOCK_CAPTURE_AUTORELEASING = YES;
				CLANG_WARN_BOOL_CONVERSION = YES;
				CLANG_WARN_COMMA = YES;
				CLANG_WARN_CONSTANT_CONVERSION = YES;
				CLANG_WARN_DEPRECATED_OBJC_IMPLEMENTATIONS = YES;
				CLANG_WARN_DIRECT_OBJC_ISA_USAGE = YES_ERROR;
				CLANG_WARN_DOCUMENTATION_COMMENTS = YES;
				CLANG_WARN_EMPTY_BODY = YES;
				CLANG_WARN_ENUM_CONVERSION = YES;
				CLANG_WARN_INFINITE_RECURSION = YES;
				CLANG_WARN_INT_CONVERSION = YES;
				CLANG_WARN_NON_LITERAL_NULL_CONVERSION = YES;
				CLANG_WARN_OBJC_IMPLICIT_RETAIN_SELF = YES;
				CLANG_WARN_OBJC_LITERAL_CONVERSION = YES;
				CLANG_WARN_OBJC_ROOT_CLASS = YES_ERROR;
				CLANG_WARN_RANGE_LOOP_ANALYSIS = YES;
				CLANG_WARN_STRICT_PROTOTYPES = YES;
				CLANG_WARN_SUSPICIOUS_MOVE = YES;
				CLANG_WARN_UNGUARDED_AVAILABILITY = YES_AGGRESSIVE;
				CLANG_WARN_UNREACHABLE_CODE = YES;
				CLANG_WARN__DUPLICATE_METHOD_MATCH = YES;
				CODE_SIGN_IDENTITY = "iPhone Developer";
				COPY_PHASE_STRIP = NO;
				DEBUG_INFORMATION_FORMAT = dwarf;
				ENABLE_STRICT_OBJC_MSGSEND = YES;
				ENABLE_TESTABILITY = YES;
				GCC_C_LANGUAGE_STANDARD = gnu11;
				GCC_DYNAMIC_NO_PIC = NO;
				GCC_NO_COMMON_BLOCKS = YES;
				GCC_OPTIMIZATION_LEVEL = 0;
				GCC_PREPROCESSOR_DEFINITIONS = (
					"DEBUG=1",
					"$(inherited)",
				);
				GCC_WARN_64_TO_32_BIT_CONVERSION = YES;
				GCC_WARN_ABOUT_RETURN_TYPE = YES_ERROR;
				GCC_WARN_UNDECLARED_SELECTOR = YES;
				GCC_WARN_UNINITIALIZED_AUTOS = YES_AGGRESSIVE;
				GCC_WARN_UNUSED_FUNCTION = YES;
				GCC_WARN_UNUSED_VARIABLE = YES;
				IPHONEOS_DEPLOYMENT_TARGET = 12.2;
				MTL_ENABLE_DEBUG_INFO = INCLUDE_SOURCE;
				MTL_FAST_MATH = YES;
				ONLY_ACTIVE_ARCH = YES;
				SDKROOT = iphoneos;
				SWIFT_ACTIVE_COMPILATION_CONDITIONS = DEBUG;
				SWIFT_OPTIMIZATION_LEVEL = "-Onone";
			};
			name = Debug;
		};
		BEA0CE772254047800A20D74 /* Release */ = {
			isa = XCBuildConfiguration;
			buildSettings = {
				ALWAYS_SEARCH_USER_PATHS = NO;
				CLANG_ANALYZER_NONNULL = YES;
				CLANG_ANALYZER_NUMBER_OBJECT_CONVERSION = YES_AGGRESSIVE;
				CLANG_CXX_LANGUAGE_STANDARD = "gnu++14";
				CLANG_CXX_LIBRARY = "libc++";
				CLANG_ENABLE_MODULES = YES;
				CLANG_ENABLE_OBJC_ARC = YES;
				CLANG_ENABLE_OBJC_WEAK = YES;
				CLANG_WARN_BLOCK_CAPTURE_AUTORELEASING = YES;
				CLANG_WARN_BOOL_CONVERSION = YES;
				CLANG_WARN_COMMA = YES;
				CLANG_WARN_CONSTANT_CONVERSION = YES;
				CLANG_WARN_DEPRECATED_OBJC_IMPLEMENTATIONS = YES;
				CLANG_WARN_DIRECT_OBJC_ISA_USAGE = YES_ERROR;
				CLANG_WARN_DOCUMENTATION_COMMENTS = YES;
				CLANG_WARN_EMPTY_BODY = YES;
				CLANG_WARN_ENUM_CONVERSION = YES;
				CLANG_WARN_INFINITE_RECURSION = YES;
				CLANG_WARN_INT_CONVERSION = YES;
				CLANG_WARN_NON_LITERAL_NULL_CONVERSION = YES;
				CLANG_WARN_OBJC_IMPLICIT_RETAIN_SELF = YES;
				CLANG_WARN_OBJC_LITERAL_CONVERSION = YES;
				CLANG_WARN_OBJC_ROOT_CLASS = YES_ERROR;
				CLANG_WARN_RANGE_LOOP_ANALYSIS = YES;
				CLANG_WARN_STRICT_PROTOTYPES = YES;
				CLANG_WARN_SUSPICIOUS_MOVE = YES;
				CLANG_WARN_UNGUARDED_AVAILABILITY = YES_AGGRESSIVE;
				CLANG_WARN_UNREACHABLE_CODE = YES;
				CLANG_WARN__DUPLICATE_METHOD_MATCH = YES;
				CODE_SIGN_IDENTITY = "iPhone Developer";
				COPY_PHASE_STRIP = NO;
				DEBUG_INFORMATION_FORMAT = "dwarf-with-dsym";
				ENABLE_NS_ASSERTIONS = NO;
				ENABLE_STRICT_OBJC_MSGSEND = YES;
				GCC_C_LANGUAGE_STANDARD = gnu11;
				GCC_NO_COMMON_BLOCKS = YES;
				GCC_WARN_64_TO_32_BIT_CONVERSION = YES;
				GCC_WARN_ABOUT_RETURN_TYPE = YES_ERROR;
				GCC_WARN_UNDECLARED_SELECTOR = YES;
				GCC_WARN_UNINITIALIZED_AUTOS = YES_AGGRESSIVE;
				GCC_WARN_UNUSED_FUNCTION = YES;
				GCC_WARN_UNUSED_VARIABLE = YES;
				IPHONEOS_DEPLOYMENT_TARGET = 12.2;
				MTL_ENABLE_DEBUG_INFO = NO;
				MTL_FAST_MATH = YES;
				SDKROOT = iphoneos;
				SWIFT_COMPILATION_MODE = wholemodule;
				SWIFT_OPTIMIZATION_LEVEL = "-O";
				VALIDATE_PRODUCT = YES;
			};
			name = Release;
		};
		BEA0CE792254047800A20D74 /* Debug */ = {
			isa = XCBuildConfiguration;
			buildSettings = {
				ASSETCATALOG_COMPILER_APPICON_NAME = AppIcon;
				CODE_SIGN_STYLE = Automatic;
				INFOPLIST_FILE = KanyeQuotes/Info.plist;
				LD_RUNPATH_SEARCH_PATHS = (
					"$(inherited)",
					"@executable_path/Frameworks",
				);
				PRODUCT_BUNDLE_IDENTIFIER = WeLove.KanyeQuotes;
				PRODUCT_NAME = "$(TARGET_NAME)";
				SWIFT_VERSION = 5.0;
				TARGETED_DEVICE_FAMILY = "1,2";
			};
			name = Debug;
		};
		BEA0CE7A2254047800A20D74 /* Release */ = {
			isa = XCBuildConfiguration;
			buildSettings = {
				ASSETCATALOG_COMPILER_APPICON_NAME = AppIcon;
				CODE_SIGN_STYLE = Automatic;
				INFOPLIST_FILE = KanyeQuotes/Info.plist;
				LD_RUNPATH_SEARCH_PATHS = (
					"$(inherited)",
					"@executable_path/Frameworks",
				);
				PRODUCT_BUNDLE_IDENTIFIER = WeLove.KanyeQuotes;
				PRODUCT_NAME = "$(TARGET_NAME)";
				SWIFT_VERSION = 5.0;
				TARGETED_DEVICE_FAMILY = "1,2";
			};
			name = Release;
		};
		BEA0CE7C2254047800A20D74 /* Debug */ = {
			isa = XCBuildConfiguration;
			buildSettings = {
				ALWAYS_EMBED_SWIFT_STANDARD_LIBRARIES = YES;
				BUNDLE_LOADER = "$(TEST_HOST)";
				CODE_SIGN_STYLE = Automatic;
				INFOPLIST_FILE = KanyeQuotesTests/Info.plist;
				LD_RUNPATH_SEARCH_PATHS = (
					"$(inherited)",
					"@executable_path/Frameworks",
					"@loader_path/Frameworks",
				);
				PRODUCT_BUNDLE_IDENTIFIER = WeLove.KanyeQuotesTests;
				PRODUCT_NAME = "$(TARGET_NAME)";
				SWIFT_VERSION = 5.0;
				TARGETED_DEVICE_FAMILY = "1,2";
				TEST_HOST = "$(BUILT_PRODUCTS_DIR)/KanyeQuotes.app/KanyeQuotes";
			};
			name = Debug;
		};
		BEA0CE7D2254047800A20D74 /* Release */ = {
			isa = XCBuildConfiguration;
			buildSettings = {
				ALWAYS_EMBED_SWIFT_STANDARD_LIBRARIES = YES;
				BUNDLE_LOADER = "$(TEST_HOST)";
				CODE_SIGN_STYLE = Automatic;
				INFOPLIST_FILE = KanyeQuotesTests/Info.plist;
				LD_RUNPATH_SEARCH_PATHS = (
					"$(inherited)",
					"@executable_path/Frameworks",
					"@loader_path/Frameworks",
				);
				PRODUCT_BUNDLE_IDENTIFIER = WeLove.KanyeQuotesTests;
				PRODUCT_NAME = "$(TARGET_NAME)";
				SWIFT_VERSION = 5.0;
				TARGETED_DEVICE_FAMILY = "1,2";
				TEST_HOST = "$(BUILT_PRODUCTS_DIR)/KanyeQuotes.app/KanyeQuotes";
			};
			name = Release;
		};
		BEA0CE7F2254047800A20D74 /* Debug */ = {
			isa = XCBuildConfiguration;
			buildSettings = {
				ALWAYS_EMBED_SWIFT_STANDARD_LIBRARIES = YES;
				CODE_SIGN_STYLE = Automatic;
				INFOPLIST_FILE = KanyeQuotesUITests/Info.plist;
				LD_RUNPATH_SEARCH_PATHS = (
					"$(inherited)",
					"@executable_path/Frameworks",
					"@loader_path/Frameworks",
				);
				PRODUCT_BUNDLE_IDENTIFIER = WeLove.KanyeQuotesUITests;
				PRODUCT_NAME = "$(TARGET_NAME)";
				SWIFT_VERSION = 5.0;
				TARGETED_DEVICE_FAMILY = "1,2";
				TEST_TARGET_NAME = KanyeQuotes;
			};
			name = Debug;
		};
		BEA0CE802254047800A20D74 /* Release */ = {
			isa = XCBuildConfiguration;
			buildSettings = {
				ALWAYS_EMBED_SWIFT_STANDARD_LIBRARIES = YES;
				CODE_SIGN_STYLE = Automatic;
				INFOPLIST_FILE = KanyeQuotesUITests/Info.plist;
				LD_RUNPATH_SEARCH_PATHS = (
					"$(inherited)",
					"@executable_path/Frameworks",
					"@loader_path/Frameworks",
				);
				PRODUCT_BUNDLE_IDENTIFIER = WeLove.KanyeQuotesUITests;
				PRODUCT_NAME = "$(TARGET_NAME)";
				SWIFT_VERSION = 5.0;
				TARGETED_DEVICE_FAMILY = "1,2";
				TEST_TARGET_NAME = KanyeQuotes;
			};
			name = Release;
		};
/* End XCBuildConfiguration section */

/* Begin XCConfigurationList section */
		BEA0CE4B2254047600A20D74 /* Build configuration list for PBXProject "KanyeQuotes" */ = {
			isa = XCConfigurationList;
			buildConfigurations = (
				BEA0CE762254047800A20D74 /* Debug */,
				BEA0CE772254047800A20D74 /* Release */,
			);
			defaultConfigurationIsVisible = 0;
			defaultConfigurationName = Release;
		};
		BEA0CE782254047800A20D74 /* Build configuration list for PBXNativeTarget "KanyeQuotes" */ = {
			isa = XCConfigurationList;
			buildConfigurations = (
				BEA0CE792254047800A20D74 /* Debug */,
				BEA0CE7A2254047800A20D74 /* Release */,
			);
			defaultConfigurationIsVisible = 0;
			defaultConfigurationName = Release;
		};
		BEA0CE7B2254047800A20D74 /* Build configuration list for PBXNativeTarget "KanyeQuotesTests" */ = {
			isa = XCConfigurationList;
			buildConfigurations = (
				BEA0CE7C2254047800A20D74 /* Debug */,
				BEA0CE7D2254047800A20D74 /* Release */,
			);
			defaultConfigurationIsVisible = 0;
			defaultConfigurationName = Release;
		};
		BEA0CE7E2254047800A20D74 /* Build configuration list for PBXNativeTarget "KanyeQuotesUITests" */ = {
			isa = XCConfigurationList;
			buildConfigurations = (
				BEA0CE7F2254047800A20D74 /* Debug */,
				BEA0CE802254047800A20D74 /* Release */,
			);
			defaultConfigurationIsVisible = 0;
			defaultConfigurationName = Release;
		};
/* End XCConfigurationList section */
	};
	rootObject = BEA0CE482254047600A20D74 /* Project object */;
}
